
Microsoft Visual Studio Solution File, Format Version 12.00
# Visual Studio 15
VisualStudioVersion = 15.0.27130.2026
MinimumVisualStudioVersion = 10.0.40219.1
Project("{FAE04EC0-301F-11D3-BF4B-00C04F79EFBC}") = "Vidly", "Vidly\Vidly.csproj", "{11CE74C9-4CDF-4F95-A4BC-BEA046985D5A}"
EndProject
Global
	GlobalSection(SolutionConfigurationPlatforms) = preSolution
		Debug|Any CPU = Debug|Any CPU
		Release|Any CPU = Release|Any CPU
	EndGlobalSection
	GlobalSection(ProjectConfigurationPlatforms) = postSolution
		{11CE74C9-4CDF-4F95-A4BC-BEA046985D5A}.Debug|Any CPU.ActiveCfg = Debug|Any CPU
		{11CE74C9-4CDF-4F95-A4BC-BEA046985D5A}.Debug|Any CPU.Build.0 = Debug|Any CPU
		{11CE74C9-4CDF-4F95-A4BC-BEA046985D5A}.Release|Any CPU.ActiveCfg = Release|Any CPU
		{11CE74C9-4CDF-4F95-A4BC-BEA046985D5A}.Release|Any CPU.Build.0 = Release|Any CPU
	EndGlobalSection
	GlobalSection(SolutionProperties) = preSolution
		HideSolutionNode = FALSE
	EndGlobalSection
	GlobalSection(ExtensibilityGlobals) = postSolution
		SolutionGuid = {6A9C53B8-4CA2-4F35-8094-3FEC84FD96C3}
	EndGlobalSection
EndGlobal
